
Microsoft Visual Studio Solution File, Format Version 12.00
# TcXaeShell Solution File, Format Version 11.00
VisualStudioVersion = 15.0.28010.2050
MinimumVisualStudioVersion = 10.0.40219.1
Project("{B1E792BE-AA5F-4E3C-8C82-674BF9C0715B}") = "CTS130", "CTS100\CTS130.tsproj", "{AEBAEE44-1A28-417D-A99A-C05AB4B174B3}"
EndProject
Project("{FD9F1D59-E000-42F3-8744-88DE1BE93C06}") = "TwinCAT Measurement Project1", "TwinCAT Measurement Project1\TwinCAT Measurement Project1.tcmproj", "{1C6609EE-DD34-4F76-89BE-F0716444BFDC}"
EndProject
Global
	GlobalSection(SolutionConfigurationPlatforms) = preSolution
		Debug|TwinCAT CE7 (ARMV7) = Debug|TwinCAT CE7 (ARMV7)
		Debug|TwinCAT OS (ARMT2) = Debug|TwinCAT OS (ARMT2)
		Debug|TwinCAT RT (x64) = Debug|TwinCAT RT (x64)
		Debug|TwinCAT RT (x86) = Debug|TwinCAT RT (x86)
		Release|TwinCAT CE7 (ARMV7) = Release|TwinCAT CE7 (ARMV7)
		Release|TwinCAT OS (ARMT2) = Release|TwinCAT OS (ARMT2)
		Release|TwinCAT RT (x64) = Release|TwinCAT RT (x64)
		Release|TwinCAT RT (x86) = Release|TwinCAT RT (x86)
	EndGlobalSection
	GlobalSection(ProjectConfigurationPlatforms) = postSolution
		{AEBAEE44-1A28-417D-A99A-C05AB4B174B3}.Debug|TwinCAT CE7 (ARMV7).ActiveCfg = Debug|TwinCAT CE7 (ARMV7)
		{AEBAEE44-1A28-417D-A99A-C05AB4B174B3}.Debug|TwinCAT CE7 (ARMV7).Build.0 = Debug|TwinCAT CE7 (ARMV7)
		{AEBAEE44-1A28-417D-A99A-C05AB4B174B3}.Debug|TwinCAT OS (ARMT2).ActiveCfg = Debug|TwinCAT OS (ARMT2)
		{AEBAEE44-1A28-417D-A99A-C05AB4B174B3}.Debug|TwinCAT OS (ARMT2).Build.0 = Debug|TwinCAT OS (ARMT2)
		{AEBAEE44-1A28-417D-A99A-C05AB4B174B3}.Debug|TwinCAT RT (x64).ActiveCfg = Debug|TwinCAT RT (x64)
		{AEBAEE44-1A28-417D-A99A-C05AB4B174B3}.Debug|TwinCAT RT (x64).Build.0 = Debug|TwinCAT RT (x64)
		{AEBAEE44-1A28-417D-A99A-C05AB4B174B3}.Debug|TwinCAT RT (x86).ActiveCfg = Debug|TwinCAT RT (x86)
		{AEBAEE44-1A28-417D-A99A-C05AB4B174B3}.Debug|TwinCAT RT (x86).Build.0 = Debug|TwinCAT RT (x86)
		{AEBAEE44-1A28-417D-A99A-C05AB4B174B3}.Release|TwinCAT CE7 (ARMV7).ActiveCfg = Release|TwinCAT CE7 (ARMV7)
		{AEBAEE44-1A28-417D-A99A-C05AB4B174B3}.Release|TwinCAT CE7 (ARMV7).Build.0 = Release|TwinCAT CE7 (ARMV7)
		{AEBAEE44-1A28-417D-A99A-C05AB4B174B3}.Release|TwinCAT OS (ARMT2).ActiveCfg = Release|TwinCAT OS (ARMT2)
		{AEBAEE44-1A28-417D-A99A-C05AB4B174B3}.Release|TwinCAT OS (ARMT2).Build.0 = Release|TwinCAT OS (ARMT2)
		{AEBAEE44-1A28-417D-A99A-C05AB4B174B3}.Release|TwinCAT RT (x64).ActiveCfg = Release|TwinCAT RT (x64)
		{AEBAEE44-1A28-417D-A99A-C05AB4B174B3}.Release|TwinCAT RT (x64).Build.0 = Release|TwinCAT RT (x64)
		{AEBAEE44-1A28-417D-A99A-C05AB4B174B3}.Release|TwinCAT RT (x86).ActiveCfg = Release|TwinCAT RT (x86)
		{AEBAEE44-1A28-417D-A99A-C05AB4B174B3}.Release|TwinCAT RT (x86).Build.0 = Release|TwinCAT RT (x86)
		{72502663-216C-48C3-B925-278AFD4491E5}.Debug|TwinCAT CE7 (ARMV7).ActiveCfg = Debug|TwinCAT CE7 (ARMV7)
		{72502663-216C-48C3-B925-278AFD4491E5}.Debug|TwinCAT CE7 (ARMV7).Build.0 = Debug|TwinCAT CE7 (ARMV7)
		{72502663-216C-48C3-B925-278AFD4491E5}.Debug|TwinCAT OS (ARMT2).ActiveCfg = Debug|TwinCAT OS (ARMT2)
		{72502663-216C-48C3-B925-278AFD4491E5}.Debug|TwinCAT OS (ARMT2).Build.0 = Debug|TwinCAT OS (ARMT2)
		{72502663-216C-48C3-B925-278AFD4491E5}.Debug|TwinCAT RT (x64).ActiveCfg = Debug|TwinCAT RT (x64)
		{72502663-216C-48C3-B925-278AFD4491E5}.Debug|TwinCAT RT (x64).Build.0 = Debug|TwinCAT RT (x64)
		{72502663-216C-48C3-B925-278AFD4491E5}.Debug|TwinCAT RT (x86).ActiveCfg = Debug|TwinCAT RT (x86)
		{72502663-216C-48C3-B925-278AFD4491E5}.Debug|TwinCAT RT (x86).Build.0 = Debug|TwinCAT RT (x86)
		{72502663-216C-48C3-B925-278AFD4491E5}.Release|TwinCAT CE7 (ARMV7).ActiveCfg = Release|TwinCAT CE7 (ARMV7)
		{72502663-216C-48C3-B925-278AFD4491E5}.Release|TwinCAT CE7 (ARMV7).Build.0 = Release|TwinCAT CE7 (ARMV7)
		{72502663-216C-48C3-B925-278AFD4491E5}.Release|TwinCAT OS (ARMT2).ActiveCfg = Release|TwinCAT OS (ARMT2)
		{72502663-216C-48C3-B925-278AFD4491E5}.Release|TwinCAT OS (ARMT2).Build.0 = Release|TwinCAT OS (ARMT2)
		{72502663-216C-48C3-B925-278AFD4491E5}.Release|TwinCAT RT (x64).ActiveCfg = Release|TwinCAT RT (x64)
		{72502663-216C-48C3-B925-278AFD4491E5}.Release|TwinCAT RT (x64).Build.0 = Release|TwinCAT RT (x64)
		{72502663-216C-48C3-B925-278AFD4491E5}.Release|TwinCAT RT (x86).ActiveCfg = Release|TwinCAT RT (x86)
		{72502663-216C-48C3-B925-278AFD4491E5}.Release|TwinCAT RT (x86).Build.0 = Release|TwinCAT RT (x86)
		{3833AC5A-0B74-4521-8CF0-8C356CB43152}.Debug|TwinCAT CE7 (ARMV7).ActiveCfg = Debug|TwinCAT CE7 (ARMV7)
		{3833AC5A-0B74-4521-8CF0-8C356CB43152}.Debug|TwinCAT CE7 (ARMV7).Build.0 = Debug|TwinCAT CE7 (ARMV7)
		{3833AC5A-0B74-4521-8CF0-8C356CB43152}.Debug|TwinCAT OS (ARMT2).ActiveCfg = Debug|TwinCAT OS (ARMT2)
		{3833AC5A-0B74-4521-8CF0-8C356CB43152}.Debug|TwinCAT OS (ARMT2).Build.0 = Debug|TwinCAT OS (ARMT2)
		{3833AC5A-0B74-4521-8CF0-8C356CB43152}.Debug|TwinCAT RT (x64).ActiveCfg = Debug|TwinCAT RT (x64)
		{3833AC5A-0B74-4521-8CF0-8C356CB43152}.Debug|TwinCAT RT (x64).Build.0 = Debug|TwinCAT RT (x64)
		{3833AC5A-0B74-4521-8CF0-8C356CB43152}.Debug|TwinCAT RT (x86).ActiveCfg = Debug|TwinCAT RT (x86)
		{3833AC5A-0B74-4521-8CF0-8C356CB43152}.Debug|TwinCAT RT (x86).Build.0 = Debug|TwinCAT RT (x86)
		{3833AC5A-0B74-4521-8CF0-8C356CB43152}.Release|TwinCAT CE7 (ARMV7).ActiveCfg = Release|TwinCAT CE7 (ARMV7)
		{3833AC5A-0B74-4521-8CF0-8C356CB43152}.Release|TwinCAT CE7 (ARMV7).Build.0 = Release|TwinCAT CE7 (ARMV7)
		{3833AC5A-0B74-4521-8CF0-8C356CB43152}.Release|TwinCAT OS (ARMT2).ActiveCfg = Release|TwinCAT OS (ARMT2)
		{3833AC5A-0B74-4521-8CF0-8C356CB43152}.Release|TwinCAT OS (ARMT2).Build.0 = Release|TwinCAT OS (ARMT2)
		{3833AC5A-0B74-4521-8CF0-8C356CB43152}.Release|TwinCAT RT (x64).ActiveCfg = Release|TwinCAT RT (x64)
		{3833AC5A-0B74-4521-8CF0-8C356CB43152}.Release|TwinCAT RT (x64).Build.0 = Release|TwinCAT RT (x64)
		{3833AC5A-0B74-4521-8CF0-8C356CB43152}.Release|TwinCAT RT (x86).ActiveCfg = Release|TwinCAT RT (x86)
		{3833AC5A-0B74-4521-8CF0-8C356CB43152}.Release|TwinCAT RT (x86).Build.0 = Release|TwinCAT RT (x86)
		{76B44B47-8359-4E5C-9C46-0D0C0A43792B}.Debug|TwinCAT CE7 (ARMV7).ActiveCfg = Debug|TwinCAT CE7 (ARMV7)
		{76B44B47-8359-4E5C-9C46-0D0C0A43792B}.Debug|TwinCAT CE7 (ARMV7).Build.0 = Debug|TwinCAT CE7 (ARMV7)
		{76B44B47-8359-4E5C-9C46-0D0C0A43792B}.Debug|TwinCAT OS (ARMT2).ActiveCfg = Debug|TwinCAT OS (ARMT2)
		{76B44B47-8359-4E5C-9C46-0D0C0A43792B}.Debug|TwinCAT OS (ARMT2).Build.0 = Debug|TwinCAT OS (ARMT2)
		{76B44B47-8359-4E5C-9C46-0D0C0A43792B}.Debug|TwinCAT RT (x64).ActiveCfg = Debug|TwinCAT RT (x64)
		{76B44B47-8359-4E5C-9C46-0D0C0A43792B}.Debug|TwinCAT RT (x64).Build.0 = Debug|TwinCAT RT (x64)
		{76B44B47-8359-4E5C-9C46-0D0C0A43792B}.Debug|TwinCAT RT (x86).ActiveCfg = Debug|TwinCAT RT (x86)
		{76B44B47-8359-4E5C-9C46-0D0C0A43792B}.Debug|TwinCAT RT (x86).Build.0 = Debug|TwinCAT RT (x86)
		{76B44B47-8359-4E5C-9C46-0D0C0A43792B}.Release|TwinCAT CE7 (ARMV7).ActiveCfg = Release|TwinCAT CE7 (ARMV7)
		{76B44B47-8359-4E5C-9C46-0D0C0A43792B}.Release|TwinCAT CE7 (ARMV7).Build.0 = Release|TwinCAT CE7 (ARMV7)
		{76B44B47-8359-4E5C-9C46-0D0C0A43792B}.Release|TwinCAT OS (ARMT2).ActiveCfg = Release|TwinCAT OS (ARMT2)
		{76B44B47-8359-4E5C-9C46-0D0C0A43792B}.Release|TwinCAT OS (ARMT2).Build.0 = Release|TwinCAT OS (ARMT2)
		{76B44B47-8359-4E5C-9C46-0D0C0A43792B}.Release|TwinCAT RT (x64).ActiveCfg = Release|TwinCAT RT (x64)
		{76B44B47-8359-4E5C-9C46-0D0C0A43792B}.Release|TwinCAT RT (x64).Build.0 = Release|TwinCAT RT (x64)
		{76B44B47-8359-4E5C-9C46-0D0C0A43792B}.Release|TwinCAT RT (x86).ActiveCfg = Release|TwinCAT RT (x86)
		{76B44B47-8359-4E5C-9C46-0D0C0A43792B}.Release|TwinCAT RT (x86).Build.0 = Release|TwinCAT RT (x86)
		{565B7391-FB5D-4B30-9C70-C3E473BDF169}.Debug|TwinCAT CE7 (ARMV7).ActiveCfg = Debug|TwinCAT CE7 (ARMV7)
		{565B7391-FB5D-4B30-9C70-C3E473BDF169}.Debug|TwinCAT CE7 (ARMV7).Build.0 = Debug|TwinCAT CE7 (ARMV7)
		{565B7391-FB5D-4B30-9C70-C3E473BDF169}.Debug|TwinCAT OS (ARMT2).ActiveCfg = Debug|TwinCAT OS (ARMT2)
		{565B7391-FB5D-4B30-9C70-C3E473BDF169}.Debug|TwinCAT OS (ARMT2).Build.0 = Debug|TwinCAT OS (ARMT2)
		{565B7391-FB5D-4B30-9C70-C3E473BDF169}.Debug|TwinCAT RT (x64).ActiveCfg = Debug|TwinCAT RT (x64)
		{565B7391-FB5D-4B30-9C70-C3E473BDF169}.Debug|TwinCAT RT (x64).Build.0 = Debug|TwinCAT RT (x64)
		{565B7391-FB5D-4B30-9C70-C3E473BDF169}.Debug|TwinCAT RT (x86).ActiveCfg = Debug|TwinCAT RT (x86)
		{565B7391-FB5D-4B30-9C70-C3E473BDF169}.Debug|TwinCAT RT (x86).Build.0 = Debug|TwinCAT RT (x86)
		{565B7391-FB5D-4B30-9C70-C3E473BDF169}.Release|TwinCAT CE7 (ARMV7).ActiveCfg = Release|TwinCAT CE7 (ARMV7)
		{565B7391-FB5D-4B30-9C70-C3E473BDF169}.Release|TwinCAT CE7 (ARMV7).Build.0 = Release|TwinCAT CE7 (ARMV7)
		{565B7391-FB5D-4B30-9C70-C3E473BDF169}.Release|TwinCAT OS (ARMT2).ActiveCfg = Release|TwinCAT OS (ARMT2)
		{565B7391-FB5D-4B30-9C70-C3E473BDF169}.Release|TwinCAT OS (ARMT2).Build.0 = Release|TwinCAT OS (ARMT2)
		{565B7391-FB5D-4B30-9C70-C3E473BDF169}.Release|TwinCAT RT (x64).ActiveCfg = Release|TwinCAT RT (x64)
		{565B7391-FB5D-4B30-9C70-C3E473BDF169}.Release|TwinCAT RT (x64).Build.0 = Release|TwinCAT RT (x64)
		{565B7391-FB5D-4B30-9C70-C3E473BDF169}.Release|TwinCAT RT (x86).ActiveCfg = Release|TwinCAT RT (x86)
		{565B7391-FB5D-4B30-9C70-C3E473BDF169}.Release|TwinCAT RT (x86).Build.0 = Release|TwinCAT RT (x86)
		{1C6609EE-DD34-4F76-89BE-F0716444BFDC}.Debug|TwinCAT CE7 (ARMV7).ActiveCfg = Debug|TwinCAT CE7 (ARMV7)
		{1C6609EE-DD34-4F76-89BE-F0716444BFDC}.Debug|TwinCAT OS (ARMT2).ActiveCfg = Debug|TwinCAT OS (ARMT2)
		{1C6609EE-DD34-4F76-89BE-F0716444BFDC}.Debug|TwinCAT RT (x64).ActiveCfg = Debug|TwinCAT RT (x64)
		{1C6609EE-DD34-4F76-89BE-F0716444BFDC}.Debug|TwinCAT RT (x86).ActiveCfg = Debug|TwinCAT RT (x86)
		{1C6609EE-DD34-4F76-89BE-F0716444BFDC}.Release|TwinCAT CE7 (ARMV7).ActiveCfg = Release|TwinCAT CE7 (ARMV7)
		{1C6609EE-DD34-4F76-89BE-F0716444BFDC}.Release|TwinCAT OS (ARMT2).ActiveCfg = Release|TwinCAT OS (ARMT2)
		{1C6609EE-DD34-4F76-89BE-F0716444BFDC}.Release|TwinCAT RT (x64).ActiveCfg = Release|TwinCAT RT (x64)
		{1C6609EE-DD34-4F76-89BE-F0716444BFDC}.Release|TwinCAT RT (x86).ActiveCfg = Release|TwinCAT RT (x86)
	EndGlobalSection
	GlobalSection(SolutionProperties) = preSolution
		HideSolutionNode = FALSE
	EndGlobalSection
	GlobalSection(ExtensibilityGlobals) = postSolution
		SolutionGuid = {4CBF93C2-FB93-4D51-A8E2-4AF20C827D29}
	EndGlobalSection
EndGlobal
